
Microsoft Visual Studio Solution File, Format Version 12.00
# Visual Studio Version 16
VisualStudioVersion = 16.0.30011.22
MinimumVisualStudioVersion = 10.0.40219.1
Project("{FAE04EC0-301F-11D3-BF4B-00C04F79EFBC}") = "TravelExpert_Application", "TravelExpert_Application\TravelExpert_Application.csproj", "{AC6F1E98-E03C-44A9-A1C8-F96C67FE5E5E}"
EndProject
Project("{FAE04EC0-301F-11D3-BF4B-00C04F79EFBC}") = "Project_4_Data", "Project_4_Data\Project_4_Data.csproj", "{E3A09C95-76B3-42D9-A0FC-598DD971C3F7}"
EndProject
Global
	GlobalSection(SolutionConfigurationPlatforms) = preSolution
		Debug|Any CPU = Debug|Any CPU
		Release|Any CPU = Release|Any CPU
	EndGlobalSection
	GlobalSection(ProjectConfigurationPlatforms) = postSolution
		{AC6F1E98-E03C-44A9-A1C8-F96C67FE5E5E}.Debug|Any CPU.ActiveCfg = Debug|Any CPU
		{AC6F1E98-E03C-44A9-A1C8-F96C67FE5E5E}.Debug|Any CPU.Build.0 = Debug|Any CPU
		{AC6F1E98-E03C-44A9-A1C8-F96C67FE5E5E}.Release|Any CPU.ActiveCfg = Release|Any CPU
		{AC6F1E98-E03C-44A9-A1C8-F96C67FE5E5E}.Release|Any CPU.Build.0 = Release|Any CPU
		{E3A09C95-76B3-42D9-A0FC-598DD971C3F7}.Debug|Any CPU.ActiveCfg = Debug|Any CPU
		{E3A09C95-76B3-42D9-A0FC-598DD971C3F7}.Debug|Any CPU.Build.0 = Debug|Any CPU
		{E3A09C95-76B3-42D9-A0FC-598DD971C3F7}.Release|Any CPU.ActiveCfg = Release|Any CPU
		{E3A09C95-76B3-42D9-A0FC-598DD971C3F7}.Release|Any CPU.Build.0 = Release|Any CPU
	EndGlobalSection
	GlobalSection(SolutionProperties) = preSolution
		HideSolutionNode = FALSE
	EndGlobalSection
	GlobalSection(ExtensibilityGlobals) = postSolution
		SolutionGuid = {3EDF57A3-25C8-42BD-A41F-8C860E86180F}
	EndGlobalSection
EndGlobal
